
Microsoft Visual Studio Solution File, Format Version 12.00
# Visual Studio Version 16
VisualStudioVersion = 16.0.29609.76
MinimumVisualStudioVersion = 10.0.40219.1
Project("{FAE04EC0-301F-11D3-BF4B-00C04F79EFBC}") = "2. TDD", "TDD\2. TDD.csproj", "{8D376932-7261-44D8-A99A-8862E319BDDD}"
EndProject
Project("{FAE04EC0-301F-11D3-BF4B-00C04F79EFBC}") = "1. Anatomia", "Anatomia\1. Anatomia.csproj", "{DA9EC530-5171-439F-A873-68EC17DFC2FF}"
EndProject
Global
	GlobalSection(SolutionConfigurationPlatforms) = preSolution
		Debug|Any CPU = Debug|Any CPU
		Release|Any CPU = Release|Any CPU
	EndGlobalSection
	GlobalSection(ProjectConfigurationPlatforms) = postSolution
		{8D376932-7261-44D8-A99A-8862E319BDDD}.Debug|Any CPU.ActiveCfg = Debug|Any CPU
		{8D376932-7261-44D8-A99A-8862E319BDDD}.Debug|Any CPU.Build.0 = Debug|Any CPU
		{8D376932-7261-44D8-A99A-8862E319BDDD}.Release|Any CPU.ActiveCfg = Release|Any CPU
		{8D376932-7261-44D8-A99A-8862E319BDDD}.Release|Any CPU.Build.0 = Release|Any CPU
		{DA9EC530-5171-439F-A873-68EC17DFC2FF}.Debug|Any CPU.ActiveCfg = Debug|Any CPU
		{DA9EC530-5171-439F-A873-68EC17DFC2FF}.Debug|Any CPU.Build.0 = Debug|Any CPU
		{DA9EC530-5171-439F-A873-68EC17DFC2FF}.Release|Any CPU.ActiveCfg = Release|Any CPU
		{DA9EC530-5171-439F-A873-68EC17DFC2FF}.Release|Any CPU.Build.0 = Release|Any CPU
	EndGlobalSection
	GlobalSection(SolutionProperties) = preSolution
		HideSolutionNode = FALSE
	EndGlobalSection
	GlobalSection(ExtensibilityGlobals) = postSolution
		SolutionGuid = {7E0D076C-893D-40C8-85C8-73ECE7A637C7}
	EndGlobalSection
EndGlobal
